schema: '2.0'
stages:
  data_ingestion:
    cmd: python src/carPlateDetection/pipeline/stage_01_data_ingestion.py
    deps:
    - path: config/config.yaml
      hash: md5
      md5: fe784b1126cbc3325a64f3fe218e5230
      size: 1132
    - path: src/carPlateDetection/components/data_ingestion.py
      hash: md5
      md5: f8cf91072580ddc1b509cecada55114e
      size: 8462
    - path: src/carPlateDetection/config/configuration.py
      hash: md5
      md5: 182974e80a3f94d71707f021325a4399
      size: 2889
    - path: src/carPlateDetection/entity/config_entity.py
      hash: md5
      md5: 1c63fefea5548428eff41f42a7cec6d6
      size: 863
    - path: src/carPlateDetection/pipeline/stage_01_data_ingestion.py
      hash: md5
      md5: 089c54512d75f6b3fe279335fa4cb9f2
      size: 714
    - path: src/carPlateDetection/utils/common.py
      hash: md5
      md5: 8786f25e036d8b66407cfd38d142d27a
      size: 3279
    outs:
    - path: artifacts/data_ingestion/data.yaml
      hash: md5
      md5: 999015df246aa223aa94855f7d50c357
      size: 350
    - path: artifacts/data_ingestion/data.zip
      hash: md5
      md5: 67dcb75a060cbe1727cd8dead1f2da92
      size: 212910636
    - path: artifacts/data_ingestion/test
      hash: md5
      md5: bd77707d9df9d3907b97776163d3ec06.dir
      size: 22838551
      nfiles: 88
    - path: artifacts/data_ingestion/train
      hash: md5
      md5: 65eaa5cbbf3ea4f20d16003fc1a2ebed.dir
      size: 148452653
      nfiles: 606
    - path: artifacts/data_ingestion/valid
      hash: md5
      md5: 740a38a3134de59329676f7376abf3a8.dir
      size: 41348056
      nfiles: 172
  data_validation:
    cmd: python src/carPlateDetection/pipeline/stage_02_data_validation.py
    deps:
    - path: artifacts/data_ingestion/test
      hash: md5
      md5: bd77707d9df9d3907b97776163d3ec06.dir
      size: 22838551
      nfiles: 88
    - path: artifacts/data_ingestion/train
      hash: md5
      md5: 65eaa5cbbf3ea4f20d16003fc1a2ebed.dir
      size: 148452653
      nfiles: 606
    - path: artifacts/data_ingestion/valid
      hash: md5
      md5: 740a38a3134de59329676f7376abf3a8.dir
      size: 41348056
      nfiles: 172
    - path: config/config.yaml
      hash: md5
      md5: fe784b1126cbc3325a64f3fe218e5230
      size: 1132
    - path: src/carPlateDetection/components/data_validation.py
      hash: md5
      md5: cfbd6e169498fe6ad1a4655ba578f5e4
      size: 1863
    - path: src/carPlateDetection/config/configuration.py
      hash: md5
      md5: 182974e80a3f94d71707f021325a4399
      size: 2889
    - path: src/carPlateDetection/entity/config_entity.py
      hash: md5
      md5: 1c63fefea5548428eff41f42a7cec6d6
      size: 863
    - path: src/carPlateDetection/pipeline/stage_02_data_validation.py
      hash: md5
      md5: c492bf5c7892a107c9272159c1e712f8
      size: 702
    - path: src/carPlateDetection/utils/common.py
      hash: md5
      md5: 8786f25e036d8b66407cfd38d142d27a
      size: 3279
    outs:
    - path: artifacts/data_validation/status.txt
      hash: md5
      md5: 20612a5f255017513d8582cbbd0ce2b9
      size: 25
  data_transformation:
    cmd: python src/carPlateDetection/pipeline/stage_03_data_transformation.py
    deps:
    - path: artifacts/data_ingestion/data.yaml
      hash: md5
      md5: 999015df246aa223aa94855f7d50c357
      size: 350
    - path: artifacts/data_ingestion/test
      hash: md5
      md5: bd77707d9df9d3907b97776163d3ec06.dir
      size: 22838551
      nfiles: 88
    - path: artifacts/data_ingestion/train
      hash: md5
      md5: 65eaa5cbbf3ea4f20d16003fc1a2ebed.dir
      size: 148452653
      nfiles: 606
    - path: artifacts/data_ingestion/valid
      hash: md5
      md5: 740a38a3134de59329676f7376abf3a8.dir
      size: 41348056
      nfiles: 172
    - path: artifacts/data_validation/status.txt
      hash: md5
      md5: 20612a5f255017513d8582cbbd0ce2b9
      size: 25
    - path: config/config.yaml
      hash: md5
      md5: fe784b1126cbc3325a64f3fe218e5230
      size: 1132
    - path: params.yaml
      hash: md5
      md5: 993e0e5bed9ac1937e3960ac865c27c7
      size: 761
    - path: src/carPlateDetection/components/data_transformation.py
      hash: md5
      md5: d180ff01d981ceb33127817748b2938b
      size: 4366
    - path: src/carPlateDetection/config/configuration.py
      hash: md5
      md5: 182974e80a3f94d71707f021325a4399
      size: 2889
    - path: src/carPlateDetection/entity/config_entity.py
      hash: md5
      md5: 1c63fefea5548428eff41f42a7cec6d6
      size: 863
    - path: src/carPlateDetection/pipeline/stage_03_data_transformation.py
      hash: md5
      md5: a72869d67d2bf2eff7ccb06d4862a129
      size: 720
    - path: src/carPlateDetection/utils/common.py
      hash: md5
      md5: 8786f25e036d8b66407cfd38d142d27a
      size: 3279
    params:
      params.yaml:
        TrainingArguments.image_size: 416
    outs:
    - path: artifacts/data_transformation
      hash: md5
      md5: a469404439ae3934bc05e992e1989ff7.dir
      size: 212639621
      nfiles: 867
  model_trainer:
    cmd: python src/carPlateDetection/pipeline/stage_04_model_trainer.py
    deps:
    - path: artifacts/data_transformation
      hash: md5
      md5: 3b6a624d223a5010db2fc38343fe0b58.dir
      size: 212732555
      nfiles: 869
    - path: config/config.yaml
      hash: md5
      md5: fe784b1126cbc3325a64f3fe218e5230
      size: 1132
    - path: params.yaml
      hash: md5
      md5: 993e0e5bed9ac1937e3960ac865c27c7
      size: 761
    - path: src/carPlateDetection/components/model_trainer.py
      hash: md5
      md5: 79de05e54e07aa82b072f06d77eaca50
      size: 2163
    - path: src/carPlateDetection/config/configuration.py
      hash: md5
      md5: 182974e80a3f94d71707f021325a4399
      size: 2889
    - path: src/carPlateDetection/entity/config_entity.py
      hash: md5
      md5: 1c63fefea5548428eff41f42a7cec6d6
      size: 863
    - path: src/carPlateDetection/pipeline/stage_04_model_trainer.py
      hash: md5
      md5: 74047d21cad38206f465d8c243307569
      size: 669
    - path: src/carPlateDetection/utils/common.py
      hash: md5
      md5: 8786f25e036d8b66407cfd38d142d27a
      size: 3279
    params:
      params.yaml:
        TrainingArguments.augment: true
        TrainingArguments.batch_size: 8
        TrainingArguments.epochs: 3
        TrainingArguments.image_size: 416
        TrainingArguments.lr0: 0.01
        TrainingArguments.lrf: 0.01
        TrainingArguments.momentum: 0.937
        TrainingArguments.optimizer: SGD
        TrainingArguments.pretrained: true
        TrainingArguments.seed: 42
        TrainingArguments.warmup_epochs: 3.0
        TrainingArguments.weight_decay: 0.0005
    outs:
    - path: artifacts/model_trainer/car_plate_detector/weights/best.pt
      hash: md5
      md5: a516bf4b5517300badba45a8d7b8e5ee
      size: 6212778
    - path: artifacts/model_trainer/car_plate_detector/weights/last.pt
      hash: md5
      md5: b13d3c0577ad07781bcf7589d01f938e
      size: 6212778
  model_evaluation:
    cmd: python src/carPlateDetection/pipeline/stage_05_model_evaluation.py
    deps:
    - path: artifacts/data_transformation
      hash: md5
      md5: 3b6a624d223a5010db2fc38343fe0b58.dir
      size: 212732555
      nfiles: 869
    - path: artifacts/model_trainer/car_plate_detector/weights/best.pt
      hash: md5
      md5: a516bf4b5517300badba45a8d7b8e5ee
      size: 6212778
    - path: config/config.yaml
      hash: md5
      md5: fe784b1126cbc3325a64f3fe218e5230
      size: 1132
    - path: params.yaml
      hash: md5
      md5: 993e0e5bed9ac1937e3960ac865c27c7
      size: 761
    - path: src/carPlateDetection/components/model_evaluation.py
      hash: md5
      md5: 3804a59db35502ec002afbd88fea552c
      size: 1642
    - path: src/carPlateDetection/config/configuration.py
      hash: md5
      md5: 182974e80a3f94d71707f021325a4399
      size: 2889
    - path: src/carPlateDetection/entity/config_entity.py
      hash: md5
      md5: 1c63fefea5548428eff41f42a7cec6d6
      size: 863
    - path: src/carPlateDetection/pipeline/stage_05_model_evaluation.py
      hash: md5
      md5: 380f19bf2a1e4b55d5bf3edbce5b8ccb
      size: 693
    - path: src/carPlateDetection/utils/common.py
      hash: md5
      md5: 8786f25e036d8b66407cfd38d142d27a
      size: 3279
    params:
      params.yaml:
        TrainingArguments.conf_threshold: 0.25
        TrainingArguments.image_size: 416
        TrainingArguments.iou_threshold: 0.45
    outs:
    - path: artifacts/model_evaluation/metrics.json
      hash: md5
      md5: 6daa8ceec59fe3b0d598a185de4e7aab
      size: 123
